
Microsoft Visual Studio Solution File, Format Version 9.00
# Visual Studio 2005
Project("{A49CE20D-CE64-4A08-9F24-92A6443D6699}") = "pagefx", "pagefx.wixproj", "{F9A22490-227E-470E-8053-797F04364C5F}"
EndProject
Global
	GlobalSection(SolutionConfigurationPlatforms) = preSolution
		Debug|Default = Debug|Default
		Release|Default = Release|Default
	EndGlobalSection
	GlobalSection(ProjectConfigurationPlatforms) = postSolution
		{F9A22490-227E-470E-8053-797F04364C5F}.Debug|Default.ActiveCfg = Debug
		{F9A22490-227E-470E-8053-797F04364C5F}.Debug|Default.Build.0 = Debug
		{F9A22490-227E-470E-8053-797F04364C5F}.Release|Default.ActiveCfg = Release
		{F9A22490-227E-470E-8053-797F04364C5F}.Release|Default.Build.0 = Release
	EndGlobalSection
	GlobalSection(SolutionProperties) = preSolution
		HideSolutionNode = FALSE
	EndGlobalSection
EndGlobal
