
Microsoft Visual Studio Solution File, Format Version 10.00
# Visual Studio 2008
Project("{FAE04EC0-301F-11D3-BF4B-00C04F79EFBC}") = "DataDynamics.PageFX.Build", "DataDynamics.PageFX.Build.csproj", "{EA4DDA5B-D108-4CBC-918A-86E36198FDFF}"
EndProject
Global
	GlobalSection(SolutionConfigurationPlatforms) = preSolution
		Debug|Any CPU = Debug|Any CPU
		Release|Any CPU = Release|Any CPU
	EndGlobalSection
	GlobalSection(ProjectConfigurationPlatforms) = postSolution
		{EA4DDA5B-D108-4CBC-918A-86E36198FDFF}.Debug|Any CPU.ActiveCfg = Debug|Any CPU
		{EA4DDA5B-D108-4CBC-918A-86E36198FDFF}.Debug|Any CPU.Build.0 = Debug|Any CPU
		{EA4DDA5B-D108-4CBC-918A-86E36198FDFF}.Release|Any CPU.ActiveCfg = Release|Any CPU
		{EA4DDA5B-D108-4CBC-918A-86E36198FDFF}.Release|Any CPU.Build.0 = Release|Any CPU
	EndGlobalSection
	GlobalSection(SolutionProperties) = preSolution
		HideSolutionNode = FALSE
	EndGlobalSection
EndGlobal
