
Microsoft Visual Studio Solution File, Format Version 12.00
# Visual Studio 2012
Project("{FAE04EC0-301F-11D3-BF4B-00C04F79EFBC}") = "DataDynamics.PageFX.VisualStudio.Debugger", "DataDynamics.PageFX.VisualStudio.Debugger.csproj", "{1832E66D-B3AB-429C-A1C8-9F8D2B2AA36D}"
EndProject
Project("{FAE04EC0-301F-11D3-BF4B-00C04F79EFBC}") = "DataDynamics.PageFX.VisualStudio.Addin", "..\DataDynamics.PageFX.VisualStudio.Addin\DataDynamics.PageFX.VisualStudio.Addin.csproj", "{1712B974-5EE0-42D1-A9BE-1AC884EEED79}"
EndProject
Global
	GlobalSection(SolutionConfigurationPlatforms) = preSolution
		Debug|Any CPU = Debug|Any CPU
		Release|Any CPU = Release|Any CPU
	EndGlobalSection
	GlobalSection(ProjectConfigurationPlatforms) = postSolution
		{1832E66D-B3AB-429C-A1C8-9F8D2B2AA36D}.Debug|Any CPU.ActiveCfg = Debug|Any CPU
		{1832E66D-B3AB-429C-A1C8-9F8D2B2AA36D}.Debug|Any CPU.Build.0 = Debug|Any CPU
		{1832E66D-B3AB-429C-A1C8-9F8D2B2AA36D}.Release|Any CPU.ActiveCfg = Release|Any CPU
		{1832E66D-B3AB-429C-A1C8-9F8D2B2AA36D}.Release|Any CPU.Build.0 = Release|Any CPU
		{1712B974-5EE0-42D1-A9BE-1AC884EEED79}.Debug|Any CPU.ActiveCfg = Debug|Any CPU
		{1712B974-5EE0-42D1-A9BE-1AC884EEED79}.Debug|Any CPU.Build.0 = Debug|Any CPU
		{1712B974-5EE0-42D1-A9BE-1AC884EEED79}.Release|Any CPU.ActiveCfg = Release|Any CPU
		{1712B974-5EE0-42D1-A9BE-1AC884EEED79}.Release|Any CPU.Build.0 = Release|Any CPU
	EndGlobalSection
	GlobalSection(SolutionProperties) = preSolution
		HideSolutionNode = FALSE
	EndGlobalSection
EndGlobal
