
Microsoft Visual Studio Solution File, Format Version 9.00
# Visual Studio 2005
Project("{FAE04EC0-301F-11D3-BF4B-00C04F79EFBC}") = "URLStreamTest", "URLStreamTest.csproj", "{76E8DCB7-7C5A-4CC3-821C-1CC020CA92FB}"
EndProject
Global
	GlobalSection(SolutionConfigurationPlatforms) = preSolution
		Debug|Any CPU = Debug|Any CPU
		Release|Any CPU = Release|Any CPU
	EndGlobalSection
	GlobalSection(ProjectConfigurationPlatforms) = postSolution
		{76E8DCB7-7C5A-4CC3-821C-1CC020CA92FB}.Debug|Any CPU.ActiveCfg = Debug|Any CPU
		{76E8DCB7-7C5A-4CC3-821C-1CC020CA92FB}.Debug|Any CPU.Build.0 = Debug|Any CPU
		{76E8DCB7-7C5A-4CC3-821C-1CC020CA92FB}.Release|Any CPU.ActiveCfg = Release|Any CPU
		{76E8DCB7-7C5A-4CC3-821C-1CC020CA92FB}.Release|Any CPU.Build.0 = Release|Any CPU
	EndGlobalSection
	GlobalSection(SolutionProperties) = preSolution
		HideSolutionNode = FALSE
	EndGlobalSection
EndGlobal
