
Microsoft Visual Studio Solution File, Format Version 10.00
# Visual Studio 2008
Project("{FAE04EC0-301F-11D3-BF4B-00C04F79EFBC}") = "rv", "rv.csproj", "{AB6A2823-2D15-4226-85E3-9DCE5D9787ED}"
EndProject
Global
	GlobalSection(SolutionConfigurationPlatforms) = preSolution
		Debug|Any CPU = Debug|Any CPU
		Release|Any CPU = Release|Any CPU
	EndGlobalSection
	GlobalSection(ProjectConfigurationPlatforms) = postSolution
		{AB6A2823-2D15-4226-85E3-9DCE5D9787ED}.Debug|Any CPU.ActiveCfg = Debug|Any CPU
		{AB6A2823-2D15-4226-85E3-9DCE5D9787ED}.Debug|Any CPU.Build.0 = Debug|Any CPU
		{AB6A2823-2D15-4226-85E3-9DCE5D9787ED}.Release|Any CPU.ActiveCfg = Release|Any CPU
		{AB6A2823-2D15-4226-85E3-9DCE5D9787ED}.Release|Any CPU.Build.0 = Release|Any CPU
	EndGlobalSection
	GlobalSection(SolutionProperties) = preSolution
		HideSolutionNode = FALSE
	EndGlobalSection
EndGlobal
