
Microsoft Visual Studio Solution File, Format Version 10.00
# Visual Studio 2008
Project("{FAE04EC0-301F-11D3-BF4B-00C04F79EFBC}") = "TestApp", "TestApp.csproj", "{9CC117B7-1CF8-4BF8-94AC-E3F5905EB2F1}"
EndProject
Project("{FAE04EC0-301F-11D3-BF4B-00C04F79EFBC}") = "SharedLib", "SharedLib\SharedLib.csproj", "{420A75B8-E227-4A5D-996F-E3A6D4E1BC47}"
EndProject
Global
	GlobalSection(SolutionConfigurationPlatforms) = preSolution
		Debug|Any CPU = Debug|Any CPU
		Release|Any CPU = Release|Any CPU
	EndGlobalSection
	GlobalSection(ProjectConfigurationPlatforms) = postSolution
		{9CC117B7-1CF8-4BF8-94AC-E3F5905EB2F1}.Debug|Any CPU.ActiveCfg = Debug|Any CPU
		{9CC117B7-1CF8-4BF8-94AC-E3F5905EB2F1}.Debug|Any CPU.Build.0 = Debug|Any CPU
		{9CC117B7-1CF8-4BF8-94AC-E3F5905EB2F1}.Release|Any CPU.ActiveCfg = Release|Any CPU
		{9CC117B7-1CF8-4BF8-94AC-E3F5905EB2F1}.Release|Any CPU.Build.0 = Release|Any CPU
		{420A75B8-E227-4A5D-996F-E3A6D4E1BC47}.Debug|Any CPU.ActiveCfg = Debug|Any CPU
		{420A75B8-E227-4A5D-996F-E3A6D4E1BC47}.Debug|Any CPU.Build.0 = Debug|Any CPU
		{420A75B8-E227-4A5D-996F-E3A6D4E1BC47}.Release|Any CPU.ActiveCfg = Release|Any CPU
		{420A75B8-E227-4A5D-996F-E3A6D4E1BC47}.Release|Any CPU.Build.0 = Release|Any CPU
	EndGlobalSection
	GlobalSection(SolutionProperties) = preSolution
		HideSolutionNode = FALSE
	EndGlobalSection
EndGlobal
