
Microsoft Visual Studio Solution File, Format Version 12.00
# Visual Studio 2012
Project("{2150E333-8FDC-42A3-9474-1A3956D46DE8}") = "Build Scripts", "Build Scripts", "{C6142C3D-9C9C-4CC4-911A-740DAD86D70B}"
	ProjectSection(SolutionItems) = preProject
		build.nant = build.nant
		common.nant = common.nant
		qa.nant = qa.nant
		starteam.nant = starteam.nant
		surround.nant = surround.nant
	EndProjectSection
EndProject
Project("{FAE04EC0-301F-11D3-BF4B-00C04F79EFBC}") = "DataDynamics.PageFX.CLI", "libs\DataDynamics.PageFX.CLI\DataDynamics.PageFX.CLI.csproj", "{3C215B55-8587-4A60-8CAA-91FE412B9013}"
EndProject
Project("{FAE04EC0-301F-11D3-BF4B-00C04F79EFBC}") = "DataDynamics.PageFX.Common", "libs\DataDynamics.PageFX.CodeModel\DataDynamics.PageFX.Common.csproj", "{3E823DFF-8429-499F-A3F0-3CD3E7B27A37}"
EndProject
Project("{FAE04EC0-301F-11D3-BF4B-00C04F79EFBC}") = "DataDynamics.PageFX.FLI", "libs\DataDynamics.PageFX.FLI\DataDynamics.PageFX.FLI.csproj", "{A54D800D-621B-491A-BE70-59D46BA70523}"
EndProject
Project("{FAE04EC0-301F-11D3-BF4B-00C04F79EFBC}") = "DataDynamics.PageFX.QA", "tests\DataDynamics.PageFX.QA\DataDynamics.PageFX.QA.csproj", "{D5099CF9-A243-4364-B9C7-6397917E3EFB}"
EndProject
Project("{FAE04EC0-301F-11D3-BF4B-00C04F79EFBC}") = "pfc", "products\pfc\pfc.csproj", "{24A39436-A110-4C67-BF29-7A4FAA399CAA}"
EndProject
Project("{FAE04EC0-301F-11D3-BF4B-00C04F79EFBC}") = "pfx-nunit-console", "products\pfx-nunit-console\pfx-nunit-console.csproj", "{C34B2BA6-4B40-4909-AFD8-A41DCCA33D7C}"
EndProject
Project("{FAE04EC0-301F-11D3-BF4B-00C04F79EFBC}") = "abc", "tools\fli\abc\abc.csproj", "{19D836C7-4C04-406A-A820-155AB14A797D}"
EndProject
Project("{FAE04EC0-301F-11D3-BF4B-00C04F79EFBC}") = "vm", "products\vm\vm.csproj", "{30A997F3-4D6A-4960-803A-B06B6A0DCBC0}"
EndProject
Project("{2150E333-8FDC-42A3-9474-1A3956D46DE8}") = "Tools", "Tools", "{9A47A289-691D-499F-8457-8CCB0C32C554}"
EndProject
Project("{FAE04EC0-301F-11D3-BF4B-00C04F79EFBC}") = "api-diff", "tools\mono\api-diff\api-diff.csproj", "{75DA4CC0-96BE-4822-A68F-4FB3815B56EF}"
EndProject
Project("{FAE04EC0-301F-11D3-BF4B-00C04F79EFBC}") = "api-info", "tools\mono\api-info\api-info.csproj", "{36EA9312-A157-4313-B2BC-3B3F42DE0959}"
EndProject
Project("{FAE04EC0-301F-11D3-BF4B-00C04F79EFBC}") = "as2xdoc", "tools\as2xdoc\as2xdoc.csproj", "{8C78DABD-36B5-4BFB-9B46-7AF8959A5A04}"
EndProject
Project("{FAE04EC0-301F-11D3-BF4B-00C04F79EFBC}") = "mono-test-adaptor", "tools\mono-test-adaptor\mono-test-adaptor.csproj", "{D61B3E02-BCCC-439C-A88F-F6F0A5822C35}"
EndProject
Project("{FAE04EC0-301F-11D3-BF4B-00C04F79EFBC}") = "pfx-api-info", "tools\pfx-api-info\pfx-api-info.csproj", "{4B2A05B9-656B-4221-A97D-F06B227C4E40}"
EndProject
Project("{FAE04EC0-301F-11D3-BF4B-00C04F79EFBC}") = "pfx-bench", "tools\pfx-bench\pfx-bench.csproj", "{31C577E5-AE53-43D8-863B-4981490758D3}"
EndProject
Project("{FAE04EC0-301F-11D3-BF4B-00C04F79EFBC}") = "pfx-bench-report", "tools\pfx-bench-report\pfx-bench-report.csproj", "{C3AAC2EC-5D93-45F8-8A13-7DB30E1FBB00}"
EndProject
Project("{FAE04EC0-301F-11D3-BF4B-00C04F79EFBC}") = "pfx-nunit-info", "tools\pfx-nunit-info\pfx-nunit-info.csproj", "{E19EFD2D-0D87-43D0-A3AC-03738C84E48F}"
EndProject
Project("{FAE04EC0-301F-11D3-BF4B-00C04F79EFBC}") = "pfx-qa", "tools\pfx-qa\pfx-qa.csproj", "{66B6B576-0FDF-4713-8E4C-7B7C6DF19860}"
EndProject
Project("{FAE04EC0-301F-11D3-BF4B-00C04F79EFBC}") = "pfx-wix", "tools\pfx-wix\pfx-wix.csproj", "{65F560E4-9641-4543-850C-ED6F146881E5}"
EndProject
Project("{FAE04EC0-301F-11D3-BF4B-00C04F79EFBC}") = "rv", "tools\rv\rv.csproj", "{AB6A2823-2D15-4226-85E3-9DCE5D9787ED}"
EndProject
Project("{FAE04EC0-301F-11D3-BF4B-00C04F79EFBC}") = "xools", "tools\xools\xools.csproj", "{EB22E3A8-E5C0-449C-AC04-201A8D0CD6C3}"
EndProject
Project("{2150E333-8FDC-42A3-9474-1A3956D46DE8}") = "VS Integration", "VS Integration", "{665EC82B-31C4-4CE2-9D06-196EA08D48E7}"
EndProject
Project("{FAE04EC0-301F-11D3-BF4B-00C04F79EFBC}") = "DataDynamics.PageFX.VisualStudio.Debugger", "VSIntegration\DataDynamics.PageFX.VisualStudio.Debugger\DataDynamics.PageFX.VisualStudio.Debugger.csproj", "{1832E66D-B3AB-429C-A1C8-9F8D2B2AA36D}"
EndProject
Project("{FAE04EC0-301F-11D3-BF4B-00C04F79EFBC}") = "DataDynamics.PageFX.VisualStudio.Addin", "VSIntegration\DataDynamics.PageFX.VisualStudio.Addin\DataDynamics.PageFX.VisualStudio.Addin.csproj", "{1712B974-5EE0-42D1-A9BE-1AC884EEED79}"
EndProject
Project("{FAE04EC0-301F-11D3-BF4B-00C04F79EFBC}") = "DataDynamics.PageFX.Build", "VSIntegration\DataDynamics.PageFX.Build\DataDynamics.PageFX.Build.csproj", "{EA4DDA5B-D108-4CBC-918A-86E36198FDFF}"
EndProject
Global
	GlobalSection(SolutionConfigurationPlatforms) = preSolution
		Debug|Any CPU = Debug|Any CPU
		Release|Any CPU = Release|Any CPU
	EndGlobalSection
	GlobalSection(ProjectConfigurationPlatforms) = postSolution
		{3C215B55-8587-4A60-8CAA-91FE412B9013}.Debug|Any CPU.ActiveCfg = Debug|Any CPU
		{3C215B55-8587-4A60-8CAA-91FE412B9013}.Debug|Any CPU.Build.0 = Debug|Any CPU
		{3C215B55-8587-4A60-8CAA-91FE412B9013}.Release|Any CPU.ActiveCfg = Release|Any CPU
		{3C215B55-8587-4A60-8CAA-91FE412B9013}.Release|Any CPU.Build.0 = Release|Any CPU
		{3E823DFF-8429-499F-A3F0-3CD3E7B27A37}.Debug|Any CPU.ActiveCfg = Debug|Any CPU
		{3E823DFF-8429-499F-A3F0-3CD3E7B27A37}.Debug|Any CPU.Build.0 = Debug|Any CPU
		{3E823DFF-8429-499F-A3F0-3CD3E7B27A37}.Release|Any CPU.ActiveCfg = Release|Any CPU
		{3E823DFF-8429-499F-A3F0-3CD3E7B27A37}.Release|Any CPU.Build.0 = Release|Any CPU
		{A54D800D-621B-491A-BE70-59D46BA70523}.Debug|Any CPU.ActiveCfg = Debug|Any CPU
		{A54D800D-621B-491A-BE70-59D46BA70523}.Debug|Any CPU.Build.0 = Debug|Any CPU
		{A54D800D-621B-491A-BE70-59D46BA70523}.Release|Any CPU.ActiveCfg = Release|Any CPU
		{A54D800D-621B-491A-BE70-59D46BA70523}.Release|Any CPU.Build.0 = Release|Any CPU
		{D5099CF9-A243-4364-B9C7-6397917E3EFB}.Debug|Any CPU.ActiveCfg = Debug|Any CPU
		{D5099CF9-A243-4364-B9C7-6397917E3EFB}.Debug|Any CPU.Build.0 = Debug|Any CPU
		{D5099CF9-A243-4364-B9C7-6397917E3EFB}.Release|Any CPU.ActiveCfg = Release|Any CPU
		{D5099CF9-A243-4364-B9C7-6397917E3EFB}.Release|Any CPU.Build.0 = Release|Any CPU
		{24A39436-A110-4C67-BF29-7A4FAA399CAA}.Debug|Any CPU.ActiveCfg = Debug|Any CPU
		{24A39436-A110-4C67-BF29-7A4FAA399CAA}.Debug|Any CPU.Build.0 = Debug|Any CPU
		{24A39436-A110-4C67-BF29-7A4FAA399CAA}.Release|Any CPU.ActiveCfg = Release|Any CPU
		{24A39436-A110-4C67-BF29-7A4FAA399CAA}.Release|Any CPU.Build.0 = Release|Any CPU
		{C34B2BA6-4B40-4909-AFD8-A41DCCA33D7C}.Debug|Any CPU.ActiveCfg = Debug|Any CPU
		{C34B2BA6-4B40-4909-AFD8-A41DCCA33D7C}.Debug|Any CPU.Build.0 = Debug|Any CPU
		{C34B2BA6-4B40-4909-AFD8-A41DCCA33D7C}.Release|Any CPU.ActiveCfg = Release|Any CPU
		{C34B2BA6-4B40-4909-AFD8-A41DCCA33D7C}.Release|Any CPU.Build.0 = Release|Any CPU
		{19D836C7-4C04-406A-A820-155AB14A797D}.Debug|Any CPU.ActiveCfg = Debug|Any CPU
		{19D836C7-4C04-406A-A820-155AB14A797D}.Debug|Any CPU.Build.0 = Debug|Any CPU
		{19D836C7-4C04-406A-A820-155AB14A797D}.Release|Any CPU.ActiveCfg = Release|Any CPU
		{19D836C7-4C04-406A-A820-155AB14A797D}.Release|Any CPU.Build.0 = Release|Any CPU
		{30A997F3-4D6A-4960-803A-B06B6A0DCBC0}.Debug|Any CPU.ActiveCfg = Debug|Any CPU
		{30A997F3-4D6A-4960-803A-B06B6A0DCBC0}.Debug|Any CPU.Build.0 = Debug|Any CPU
		{30A997F3-4D6A-4960-803A-B06B6A0DCBC0}.Release|Any CPU.ActiveCfg = Release|Any CPU
		{30A997F3-4D6A-4960-803A-B06B6A0DCBC0}.Release|Any CPU.Build.0 = Release|Any CPU
		{75DA4CC0-96BE-4822-A68F-4FB3815B56EF}.Debug|Any CPU.ActiveCfg = Debug|Any CPU
		{75DA4CC0-96BE-4822-A68F-4FB3815B56EF}.Debug|Any CPU.Build.0 = Debug|Any CPU
		{75DA4CC0-96BE-4822-A68F-4FB3815B56EF}.Release|Any CPU.ActiveCfg = Release|Any CPU
		{75DA4CC0-96BE-4822-A68F-4FB3815B56EF}.Release|Any CPU.Build.0 = Release|Any CPU
		{36EA9312-A157-4313-B2BC-3B3F42DE0959}.Debug|Any CPU.ActiveCfg = Debug|Any CPU
		{36EA9312-A157-4313-B2BC-3B3F42DE0959}.Debug|Any CPU.Build.0 = Debug|Any CPU
		{36EA9312-A157-4313-B2BC-3B3F42DE0959}.Release|Any CPU.ActiveCfg = Release|Any CPU
		{36EA9312-A157-4313-B2BC-3B3F42DE0959}.Release|Any CPU.Build.0 = Release|Any CPU
		{8C78DABD-36B5-4BFB-9B46-7AF8959A5A04}.Debug|Any CPU.ActiveCfg = Debug|Any CPU
		{8C78DABD-36B5-4BFB-9B46-7AF8959A5A04}.Debug|Any CPU.Build.0 = Debug|Any CPU
		{8C78DABD-36B5-4BFB-9B46-7AF8959A5A04}.Release|Any CPU.ActiveCfg = Release|Any CPU
		{8C78DABD-36B5-4BFB-9B46-7AF8959A5A04}.Release|Any CPU.Build.0 = Release|Any CPU
		{D61B3E02-BCCC-439C-A88F-F6F0A5822C35}.Debug|Any CPU.ActiveCfg = Debug|Any CPU
		{D61B3E02-BCCC-439C-A88F-F6F0A5822C35}.Debug|Any CPU.Build.0 = Debug|Any CPU
		{D61B3E02-BCCC-439C-A88F-F6F0A5822C35}.Release|Any CPU.ActiveCfg = Release|Any CPU
		{D61B3E02-BCCC-439C-A88F-F6F0A5822C35}.Release|Any CPU.Build.0 = Release|Any CPU
		{4B2A05B9-656B-4221-A97D-F06B227C4E40}.Debug|Any CPU.ActiveCfg = Debug|Any CPU
		{4B2A05B9-656B-4221-A97D-F06B227C4E40}.Debug|Any CPU.Build.0 = Debug|Any CPU
		{4B2A05B9-656B-4221-A97D-F06B227C4E40}.Release|Any CPU.ActiveCfg = Release|Any CPU
		{4B2A05B9-656B-4221-A97D-F06B227C4E40}.Release|Any CPU.Build.0 = Release|Any CPU
		{31C577E5-AE53-43D8-863B-4981490758D3}.Debug|Any CPU.ActiveCfg = Debug|Any CPU
		{31C577E5-AE53-43D8-863B-4981490758D3}.Debug|Any CPU.Build.0 = Debug|Any CPU
		{31C577E5-AE53-43D8-863B-4981490758D3}.Release|Any CPU.ActiveCfg = Release|Any CPU
		{31C577E5-AE53-43D8-863B-4981490758D3}.Release|Any CPU.Build.0 = Release|Any CPU
		{C3AAC2EC-5D93-45F8-8A13-7DB30E1FBB00}.Debug|Any CPU.ActiveCfg = Debug|Any CPU
		{C3AAC2EC-5D93-45F8-8A13-7DB30E1FBB00}.Debug|Any CPU.Build.0 = Debug|Any CPU
		{C3AAC2EC-5D93-45F8-8A13-7DB30E1FBB00}.Release|Any CPU.ActiveCfg = Release|Any CPU
		{C3AAC2EC-5D93-45F8-8A13-7DB30E1FBB00}.Release|Any CPU.Build.0 = Release|Any CPU
		{E19EFD2D-0D87-43D0-A3AC-03738C84E48F}.Debug|Any CPU.ActiveCfg = Debug|Any CPU
		{E19EFD2D-0D87-43D0-A3AC-03738C84E48F}.Debug|Any CPU.Build.0 = Debug|Any CPU
		{E19EFD2D-0D87-43D0-A3AC-03738C84E48F}.Release|Any CPU.ActiveCfg = Release|Any CPU
		{E19EFD2D-0D87-43D0-A3AC-03738C84E48F}.Release|Any CPU.Build.0 = Release|Any CPU
		{66B6B576-0FDF-4713-8E4C-7B7C6DF19860}.Debug|Any CPU.ActiveCfg = Debug|Any CPU
		{66B6B576-0FDF-4713-8E4C-7B7C6DF19860}.Debug|Any CPU.Build.0 = Debug|Any CPU
		{66B6B576-0FDF-4713-8E4C-7B7C6DF19860}.Release|Any CPU.ActiveCfg = Release|Any CPU
		{66B6B576-0FDF-4713-8E4C-7B7C6DF19860}.Release|Any CPU.Build.0 = Release|Any CPU
		{65F560E4-9641-4543-850C-ED6F146881E5}.Debug|Any CPU.ActiveCfg = Debug|Any CPU
		{65F560E4-9641-4543-850C-ED6F146881E5}.Debug|Any CPU.Build.0 = Debug|Any CPU
		{65F560E4-9641-4543-850C-ED6F146881E5}.Release|Any CPU.ActiveCfg = Release|Any CPU
		{65F560E4-9641-4543-850C-ED6F146881E5}.Release|Any CPU.Build.0 = Release|Any CPU
		{AB6A2823-2D15-4226-85E3-9DCE5D9787ED}.Debug|Any CPU.ActiveCfg = Debug|Any CPU
		{AB6A2823-2D15-4226-85E3-9DCE5D9787ED}.Debug|Any CPU.Build.0 = Debug|Any CPU
		{AB6A2823-2D15-4226-85E3-9DCE5D9787ED}.Release|Any CPU.ActiveCfg = Release|Any CPU
		{AB6A2823-2D15-4226-85E3-9DCE5D9787ED}.Release|Any CPU.Build.0 = Release|Any CPU
		{EB22E3A8-E5C0-449C-AC04-201A8D0CD6C3}.Debug|Any CPU.ActiveCfg = Debug|Any CPU
		{EB22E3A8-E5C0-449C-AC04-201A8D0CD6C3}.Debug|Any CPU.Build.0 = Debug|Any CPU
		{EB22E3A8-E5C0-449C-AC04-201A8D0CD6C3}.Release|Any CPU.ActiveCfg = Release|Any CPU
		{EB22E3A8-E5C0-449C-AC04-201A8D0CD6C3}.Release|Any CPU.Build.0 = Release|Any CPU
		{1832E66D-B3AB-429C-A1C8-9F8D2B2AA36D}.Debug|Any CPU.ActiveCfg = Debug|Any CPU
		{1832E66D-B3AB-429C-A1C8-9F8D2B2AA36D}.Debug|Any CPU.Build.0 = Debug|Any CPU
		{1832E66D-B3AB-429C-A1C8-9F8D2B2AA36D}.Release|Any CPU.ActiveCfg = Release|Any CPU
		{1832E66D-B3AB-429C-A1C8-9F8D2B2AA36D}.Release|Any CPU.Build.0 = Release|Any CPU
		{1712B974-5EE0-42D1-A9BE-1AC884EEED79}.Debug|Any CPU.ActiveCfg = Debug|Any CPU
		{1712B974-5EE0-42D1-A9BE-1AC884EEED79}.Debug|Any CPU.Build.0 = Debug|Any CPU
		{1712B974-5EE0-42D1-A9BE-1AC884EEED79}.Release|Any CPU.ActiveCfg = Release|Any CPU
		{1712B974-5EE0-42D1-A9BE-1AC884EEED79}.Release|Any CPU.Build.0 = Release|Any CPU
		{EA4DDA5B-D108-4CBC-918A-86E36198FDFF}.Debug|Any CPU.ActiveCfg = Debug|Any CPU
		{EA4DDA5B-D108-4CBC-918A-86E36198FDFF}.Debug|Any CPU.Build.0 = Debug|Any CPU
		{EA4DDA5B-D108-4CBC-918A-86E36198FDFF}.Release|Any CPU.ActiveCfg = Release|Any CPU
		{EA4DDA5B-D108-4CBC-918A-86E36198FDFF}.Release|Any CPU.Build.0 = Release|Any CPU
	EndGlobalSection
	GlobalSection(SolutionProperties) = preSolution
		HideSolutionNode = FALSE
	EndGlobalSection
	GlobalSection(NestedProjects) = preSolution
		{75DA4CC0-96BE-4822-A68F-4FB3815B56EF} = {9A47A289-691D-499F-8457-8CCB0C32C554}
		{36EA9312-A157-4313-B2BC-3B3F42DE0959} = {9A47A289-691D-499F-8457-8CCB0C32C554}
		{8C78DABD-36B5-4BFB-9B46-7AF8959A5A04} = {9A47A289-691D-499F-8457-8CCB0C32C554}
		{D61B3E02-BCCC-439C-A88F-F6F0A5822C35} = {9A47A289-691D-499F-8457-8CCB0C32C554}
		{4B2A05B9-656B-4221-A97D-F06B227C4E40} = {9A47A289-691D-499F-8457-8CCB0C32C554}
		{31C577E5-AE53-43D8-863B-4981490758D3} = {9A47A289-691D-499F-8457-8CCB0C32C554}
		{C3AAC2EC-5D93-45F8-8A13-7DB30E1FBB00} = {9A47A289-691D-499F-8457-8CCB0C32C554}
		{E19EFD2D-0D87-43D0-A3AC-03738C84E48F} = {9A47A289-691D-499F-8457-8CCB0C32C554}
		{66B6B576-0FDF-4713-8E4C-7B7C6DF19860} = {9A47A289-691D-499F-8457-8CCB0C32C554}
		{65F560E4-9641-4543-850C-ED6F146881E5} = {9A47A289-691D-499F-8457-8CCB0C32C554}
		{AB6A2823-2D15-4226-85E3-9DCE5D9787ED} = {9A47A289-691D-499F-8457-8CCB0C32C554}
		{EB22E3A8-E5C0-449C-AC04-201A8D0CD6C3} = {9A47A289-691D-499F-8457-8CCB0C32C554}
		{1832E66D-B3AB-429C-A1C8-9F8D2B2AA36D} = {665EC82B-31C4-4CE2-9D06-196EA08D48E7}
		{1712B974-5EE0-42D1-A9BE-1AC884EEED79} = {665EC82B-31C4-4CE2-9D06-196EA08D48E7}
		{EA4DDA5B-D108-4CBC-918A-86E36198FDFF} = {665EC82B-31C4-4CE2-9D06-196EA08D48E7}
	EndGlobalSection
EndGlobal
