
Microsoft Visual Studio Solution File, Format Version 10.00
# Visual Studio 2008
Project("{FAE04EC0-301F-11D3-BF4B-00C04F79EFBC}") = "avm", "avm.csproj", "{C9CA1DCB-9DE5-47DE-A331-C919E7DBF75F}"
EndProject
Global
	GlobalSection(SolutionConfigurationPlatforms) = preSolution
		Debug|.NET 1.1 = Debug|.NET 1.1
		Debug|Any CPU = Debug|Any CPU
		Release|.NET 1.1 = Release|.NET 1.1
		Release|Any CPU = Release|Any CPU
	EndGlobalSection
	GlobalSection(ProjectConfigurationPlatforms) = postSolution
		{C9CA1DCB-9DE5-47DE-A331-C919E7DBF75F}.Debug|.NET 1.1.ActiveCfg = Debug|Any CPU
		{C9CA1DCB-9DE5-47DE-A331-C919E7DBF75F}.Debug|Any CPU.ActiveCfg = Debug|Any CPU
		{C9CA1DCB-9DE5-47DE-A331-C919E7DBF75F}.Debug|Any CPU.Build.0 = Debug|Any CPU
		{C9CA1DCB-9DE5-47DE-A331-C919E7DBF75F}.Release|.NET 1.1.ActiveCfg = Release|Any CPU
		{C9CA1DCB-9DE5-47DE-A331-C919E7DBF75F}.Release|Any CPU.ActiveCfg = Release|Any CPU
		{C9CA1DCB-9DE5-47DE-A331-C919E7DBF75F}.Release|Any CPU.Build.0 = Release|Any CPU
	EndGlobalSection
	GlobalSection(SolutionProperties) = preSolution
		HideSolutionNode = FALSE
	EndGlobalSection
EndGlobal
